{
  "requires": true,
  "lockfileVersion": 1,
  "dependencies": {
    "classnames": {
      "version": "2.3.1",
      "resolved": "https://registry.npmjs.org/classnames/-/classnames-2.3.1.tgz",
      "integrity": "sha512-OlQdbZ7gLfGarSqxesMesDa5uz7KFbID8Kpq/SxIoNGDqY8lSYs0D+hhtBXhcdB3rcbXArFr7vlHheLk1voeNA=="
    },
    "papaparse": {
      "version": "4.6.3",
      "resolved": "https://registry.npmjs.org/papaparse/-/papaparse-4.6.3.tgz",
      "integrity": "sha512-LRq7BrHC2kHPBYSD50aKuw/B/dGcg29omyJbKWY3KsYUZU69RKwaBHu13jGmCYBtOc4odsLCrFyk6imfyNubJQ=="
    },
    "react-table": {
      "version": "6.9.2",
      "resolved": "https://registry.npmjs.org/react-table/-/react-table-6.9.2.tgz",
      "integrity": "sha512-sTbNHU8Um0xRtmCd1js873HXnXaMWeBwZoiljuj0l1d44eaqjKyYPK/3HCBbJg1yeE2O5pQJ3Km0tlm9niNL9w==",
      "requires": {
        "classnames": "^2.2.5"
      }
    }
  }
}
